// !$*UTF8*$!
{
	archiveVersion = 1;
	classes = {
	};
	objectVersion = 56;
	objects = {

/* Begin PBXBuildFile section */
		457B7EC129DD6B4200EB0FC0 /* MainTabBarViewController.swift in Sources */ = {isa = PBXBuildFile; fileRef = 457B7EC029DD6B4200EB0FC0 /* MainTabBarViewController.swift */; };
		45D412DE29D19EF5006F8D51 /* AppDelegate.swift in Sources */ = {isa = PBXBuildFile; fileRef = 45D412DD29D19EF5006F8D51 /* AppDelegate.swift */; };
		45D412E029D19EF5006F8D51 /* SceneDelegate.swift in Sources */ = {isa = PBXBuildFile; fileRef = 45D412DF29D19EF5006F8D51 /* SceneDelegate.swift */; };
		45D412E229D19EF5006F8D51 /* ViewController.swift in Sources */ = {isa = PBXBuildFile; fileRef = 45D412E129D19EF5006F8D51 /* ViewController.swift */; };
		45D412E529D19EF5006F8D51 /* Main.storyboard in Resources */ = {isa = PBXBuildFile; fileRef = 45D412E329D19EF5006F8D51 /* Main.storyboard */; };
		45D412E729D19EF6006F8D51 /* Assets.xcassets in Resources */ = {isa = PBXBuildFile; fileRef = 45D412E629D19EF6006F8D51 /* Assets.xcassets */; };
		45D412EA29D19EF6006F8D51 /* LaunchScreen.storyboard in Resources */ = {isa = PBXBuildFile; fileRef = 45D412E829D19EF6006F8D51 /* LaunchScreen.storyboard */; };
		45D412F229D19F15006F8D51 /* FloatingButton.swift in Sources */ = {isa = PBXBuildFile; fileRef = 45D412F129D19F15006F8D51 /* FloatingButton.swift */; };
/* End PBXBuildFile section */

/* Begin PBXFileReference section */
		457B7EC029DD6B4200EB0FC0 /* MainTabBarViewController.swift */ = {isa = PBXFileReference; lastKnownFileType = sourcecode.swift; path = MainTabBarViewController.swift; sourceTree = "<group>"; };
		45D412DA29D19EF5006F8D51 /* FloatingDraggableButton.app */ = {isa = PBXFileReference; explicitFileType = wrapper.application; includeInIndex = 0; path = FloatingDraggableButton.app; sourceTree = BUILT_PRODUCTS_DIR; };
		45D412DD29D19EF5006F8D51 /* AppDelegate.swift */ = {isa = PBXFileReference; lastKnownFileType = sourcecode.swift; path = AppDelegate.swift; sourceTree = "<group>"; };
		45D412DF29D19EF5006F8D51 /* SceneDelegate.swift */ = {isa = PBXFileReference; lastKnownFileType = sourcecode.swift; path = SceneDelegate.swift; sourceTree = "<group>"; };
		45D412E129D19EF5006F8D51 /* ViewController.swift */ = {isa = PBXFileReference; lastKnownFileType = sourcecode.swift; path = ViewController.swift; sourceTree = "<group>"; };
		45D412E429D19EF5006F8D51 /* Base */ = {isa = PBXFileReference; lastKnownFileType = file.storyboard; name = Base; path = Base.lproj/Main.storyboard; sourceTree = "<group>"; };
		45D412E629D19EF6006F8D51 /* Assets.xcassets */ = {isa = PBXFileReference; lastKnownFileType = folder.assetcatalog; path = Assets.xcassets; sourceTree = "<group>"; };
		45D412E929D19EF6006F8D51 /* Base */ = {isa = PBXFileReference; lastKnownFileType = file.storyboard; name = Base; path = Base.lproj/LaunchScreen.storyboard; sourceTree = "<group>"; };
		45D412EB29D19EF6006F8D51 /* Info.plist */ = {isa = PBXFileReference; lastKnownFileType = text.plist.xml; path = Info.plist; sourceTree = "<group>"; };
		45D412F129D19F15006F8D51 /* FloatingButton.swift */ = {isa = PBXFileReference; lastKnownFileType = sourcecode.swift; path = FloatingButton.swift; sourceTree = "<group>"; };
/* End PBXFileReference section */

/* Begin PBXFrameworksBuildPhase section */
		45D412D729D19EF5006F8D51 /* Frameworks */ = {
			isa = PBXFrameworksBuildPhase;
			buildActionMask = 2147483647;
			files = (
			);
			runOnlyForDeploymentPostprocessing = 0;
		};
/* End PBXFrameworksBuildPhase section */

/* Begin PBXGroup section */
		45D412D129D19EF5006F8D51 = {
			isa = PBXGroup;
			children = (
				45D412DC29D19EF5006F8D51 /* FloatingDraggableButton */,
				45D412DB29D19EF5006F8D51 /* Products */,
			);
			sourceTree = "<group>";
		};
		45D412DB29D19EF5006F8D51 /* Products */ = {
			isa = PBXGroup;
			children = (
				45D412DA29D19EF5006F8D51 /* FloatingDraggableButton.app */,
			);
			name = Products;
			sourceTree = "<group>";
		};
		45D412DC29D19EF5006F8D51 /* FloatingDraggableButton */ = {
			isa = PBXGroup;
			children = (
				45D412DD29D19EF5006F8D51 /* AppDelegate.swift */,
				45D412DF29D19EF5006F8D51 /* SceneDelegate.swift */,
				45D412E129D19EF5006F8D51 /* ViewController.swift */,
				45D412E329D19EF5006F8D51 /* Main.storyboard */,
				45D412E629D19EF6006F8D51 /* Assets.xcassets */,
				45D412E829D19EF6006F8D51 /* LaunchScreen.storyboard */,
				45D412EB29D19EF6006F8D51 /* Info.plist */,
				45D412F129D19F15006F8D51 /* FloatingButton.swift */,
				457B7EC029DD6B4200EB0FC0 /* MainTabBarViewController.swift */,
			);
			path = FloatingDraggableButton;
			sourceTree = "<group>";
		};
/* End PBXGroup section */

/* Begin PBXNativeTarget section */
		45D412D929D19EF5006F8D51 /* FloatingDraggableButton */ = {
			isa = PBXNativeTarget;
			buildConfigurationList = 45D412EE29D19EF6006F8D51 /* Build configuration list for PBXNativeTarget "FloatingDraggableButton" */;
			buildPhases = (
				45D412D629D19EF5006F8D51 /* Sources */,
				45D412D729D19EF5006F8D51 /* Frameworks */,
				45D412D829D19EF5006F8D51 /* Resources */,
			);
			buildRules = (
			);
			dependencies = (
			);
			name = FloatingDraggableButton;
			productName = FloatingDraggableButton;
			productReference = 45D412DA29D19EF5006F8D51 /* FloatingDraggableButton.app */;
			productType = "com.apple.product-type.application";
		};
/* End PBXNativeTarget section */

/* Begin PBXProject section */
		45D412D229D19EF5006F8D51 /* Project object */ = {
			isa = PBXProject;
			attributes = {
				BuildIndependentTargetsInParallel = 1;
				LastSwiftUpdateCheck = 1420;
				LastUpgradeCheck = 1420;
				TargetAttributes = {
					45D412D929D19EF5006F8D51 = {
						CreatedOnToolsVersion = 14.2;
					};
				};
			};
			buildConfigurationList = 45D412D529D19EF5006F8D51 /* Build configuration list for PBXProject "FloatingDraggableButton" */;
			compatibilityVersion = "Xcode 14.0";
			developmentRegion = en;
			hasScannedForEncodings = 0;
			knownRegions = (
				en,
				Base,
			);
			mainGroup = 45D412D129D19EF5006F8D51;
			productRefGroup = 45D412DB29D19EF5006F8D51 /* Products */;
			projectDirPath = "";
			projectRoot = "";
			targets = (
				45D412D929D19EF5006F8D51 /* FloatingDraggableButton */,
			);
		};
/* End PBXProject section */

/* Begin PBXResourcesBuildPhase section */
		45D412D829D19EF5006F8D51 /* Resources */ = {
			isa = PBXResourcesBuildPhase;
			buildActionMask = 2147483647;
			files = (
				45D412EA29D19EF6006F8D51 /* LaunchScreen.storyboard in Resources */,
				45D412E729D19EF6006F8D51 /* Assets.xcassets in Resources */,
				45D412E529D19EF5006F8D51 /* Main.storyboard in Resources */,
			);
			runOnlyForDeploymentPostprocessing = 0;
		};
/* End PBXResourcesBuildPhase section */

/* Begin PBXSourcesBuildPhase section */
		45D412D629D19EF5006F8D51 /* Sources */ = {
			isa = PBXSourcesBuildPhase;
			buildActionMask = 2147483647;
			files = (
				457B7EC129DD6B4200EB0FC0 /* MainTabBarViewController.swift in Sources */,
				45D412E229D19EF5006F8D51 /* ViewController.swift in Sources */,
				45D412DE29D19EF5006F8D51 /* AppDelegate.swift in Sources */,
				45D412E029D19EF5006F8D51 /* SceneDelegate.swift in Sources */,
				45D412F229D19F15006F8D51 /* FloatingButton.swift in Sources */,
			);
			runOnlyForDeploymentPostprocessing = 0;
		};
/* End PBXSourcesBuildPhase section */

/* Begin PBXVariantGroup section */
		45D412E329D19EF5006F8D51 /* Main.storyboard */ = {
			isa = PBXVariantGroup;
			children = (
				45D412E429D19EF5006F8D51 /* Base */,
			);
			name = Main.storyboard;
			sourceTree = "<group>";
		};
		45D412E829D19EF6006F8D51 /* LaunchScreen.storyboard */ = {
			isa = PBXVariantGroup;
			children = (
				45D412E929D19EF6006F8D51 /* Base */,
			);
			name = LaunchScreen.storyboard;
			sourceTree = "<group>";
		};
/* End PBXVariantGroup section */

/* Begin XCBuildConfiguration section */
		45D412EC29D19EF6006F8D51 /* Debug */ = {
			isa = XCBuildConfiguration;
			buildSettings = {
				ALWAYS_SEARCH_USER_PATHS = NO;
				CLANG_ANALYZER_NONNULL = YES;
				CLANG_ANALYZER_NUMBER_OBJECT_CONVERSION = YES_AGGRESSIVE;
				CLANG_CXX_LANGUAGE_STANDARD = "gnu++20";
				CLANG_ENABLE_MODULES = YES;
				CLANG_ENABLE_OBJC_ARC = YES;
				CLANG_ENABLE_OBJC_WEAK = YES;
				CLANG_WARN_BLOCK_CAPTURE_AUTORELEASING = YES;
				CLANG_WARN_BOOL_CONVERSION = YES;
				CLANG_WARN_COMMA = YES;
				CLANG_WARN_CONSTANT_CONVERSION = YES;
				CLANG_WARN_DEPRECATED_OBJC_IMPLEMENTATIONS = YES;
				CLANG_WARN_DIRECT_OBJC_ISA_USAGE = YES_ERROR;
				CLANG_WARN_DOCUMENTATION_COMMENTS = YES;
				CLANG_WARN_EMPTY_BODY = YES;
				CLANG_WARN_ENUM_CONVERSION = YES;
				CLANG_WARN_INFINITE_RECURSION = YES;
				CLANG_WARN_INT_CONVERSION = YES;
				CLANG_WARN_NON_LITERAL_NULL_CONVERSION = YES;
				CLANG_WARN_OBJC_IMPLICIT_RETAIN_SELF = YES;
				CLANG_WARN_OBJC_LITERAL_CONVERSION = YES;
				CLANG_WARN_OBJC_ROOT_CLASS = YES_ERROR;
				CLANG_WARN_QUOTED_INCLUDE_IN_FRAMEWORK_HEADER = YES;
				CLANG_WARN_RANGE_LOOP_ANALYSIS = YES;
				CLANG_WARN_STRICT_PROTOTYPES = YES;
				CLANG_WARN_SUSPICIOUS_MOVE = YES;
				CLANG_WARN_UNGUARDED_AVAILABILITY = YES_AGGRESSIVE;
				CLANG_WARN_UNREACHABLE_CODE = YES;
				CLANG_WARN__DUPLICATE_METHOD_MATCH = YES;
				COPY_PHASE_STRIP = NO;
				DEBUG_INFORMATION_FORMAT = dwarf;
				ENABLE_STRICT_OBJC_MSGSEND = YES;
				ENABLE_TESTABILITY = YES;
				GCC_C_LANGUAGE_STANDARD = gnu11;
				GCC_DYNAMIC_NO_PIC = NO;
				GCC_NO_COMMON_BLOCKS = YES;
				GCC_OPTIMIZATION_LEVEL = 0;
				GCC_PREPROCESSOR_DEFINITIONS = (
					"DEBUG=1",
					"$(inherited)",
				);
				GCC_WARN_64_TO_32_BIT_CONVERSION = YES;
				GCC_WARN_ABOUT_RETURN_TYPE = YES_ERROR;
				GCC_WARN_UNDECLARED_SELECTOR = YES;
				GCC_WARN_UNINITIALIZED_AUTOS = YES_AGGRESSIVE;
				GCC_WARN_UNUSED_FUNCTION = YES;
				GCC_WARN_UNUSED_VARIABLE = YES;
				IPHONEOS_DEPLOYMENT_TARGET = 16.2;
				MTL_ENABLE_DEBUG_INFO = INCLUDE_SOURCE;
				MTL_FAST_MATH = YES;
				ONLY_ACTIVE_ARCH = YES;
				SDKROOT = iphoneos;
				SWIFT_ACTIVE_COMPILATION_CONDITIONS = DEBUG;
				SWIFT_OPTIMIZATION_LEVEL = "-Onone";
			};
			name = Debug;
		};
		45D412ED29D19EF6006F8D51 /* Release */ = {
			isa = XCBuildConfiguration;
			buildSettings = {
				ALWAYS_SEARCH_USER_PATHS = NO;
				CLANG_ANALYZER_NONNULL = YES;
				CLANG_ANALYZER_NUMBER_OBJECT_CONVERSION = YES_AGGRESSIVE;
				CLANG_CXX_LANGUAGE_STANDARD = "gnu++20";
				CLANG_ENABLE_MODULES = YES;
				CLANG_ENABLE_OBJC_ARC = YES;
				CLANG_ENABLE_OBJC_WEAK = YES;
				CLANG_WARN_BLOCK_CAPTURE_AUTORELEASING = YES;
				CLANG_WARN_BOOL_CONVERSION = YES;
				CLANG_WARN_COMMA = YES;
				CLANG_WARN_CONSTANT_CONVERSION = YES;
				CLANG_WARN_DEPRECATED_OBJC_IMPLEMENTATIONS = YES;
				CLANG_WARN_DIRECT_OBJC_ISA_USAGE = YES_ERROR;
				CLANG_WARN_DOCUMENTATION_COMMENTS = YES;
				CLANG_WARN_EMPTY_BODY = YES;
				CLANG_WARN_ENUM_CONVERSION = YES;
				CLANG_WARN_INFINITE_RECURSION = YES;
				CLANG_WARN_INT_CONVERSION = YES;
				CLANG_WARN_NON_LITERAL_NULL_CONVERSION = YES;
				CLANG_WARN_OBJC_IMPLICIT_RETAIN_SELF = YES;
				CLANG_WARN_OBJC_LITERAL_CONVERSION = YES;
				CLANG_WARN_OBJC_ROOT_CLASS = YES_ERROR;
				CLANG_WARN_QUOTED_INCLUDE_IN_FRAMEWORK_HEADER = YES;
				CLANG_WARN_RANGE_LOOP_ANALYSIS = YES;
				CLANG_WARN_STRICT_PROTOTYPES = YES;
				CLANG_WARN_SUSPICIOUS_MOVE = YES;
				CLANG_WARN_UNGUARDED_AVAILABILITY = YES_AGGRESSIVE;
				CLANG_WARN_UNREACHABLE_CODE = YES;
				CLANG_WARN__DUPLICATE_METHOD_MATCH = YES;
				COPY_PHASE_STRIP = NO;
				DEBUG_INFORMATION_FORMAT = "dwarf-with-dsym";
				ENABLE_NS_ASSERTIONS = NO;
				ENABLE_STRICT_OBJC_MSGSEND = YES;
				GCC_C_LANGUAGE_STANDARD = gnu11;
				GCC_NO_COMMON_BLOCKS = YES;
				GCC_WARN_64_TO_32_BIT_CONVERSION = YES;
				GCC_WARN_ABOUT_RETURN_TYPE = YES_ERROR;
				GCC_WARN_UNDECLARED_SELECTOR = YES;
				GCC_WARN_UNINITIALIZED_AUTOS = YES_AGGRESSIVE;
				GCC_WARN_UNUSED_FUNCTION = YES;
				GCC_WARN_UNUSED_VARIABLE = YES;
				IPHONEOS_DEPLOYMENT_TARGET = 16.2;
				MTL_ENABLE_DEBUG_INFO = NO;
				MTL_FAST_MATH = YES;
				SDKROOT = iphoneos;
				SWIFT_COMPILATION_MODE = wholemodule;
				SWIFT_OPTIMIZATION_LEVEL = "-O";
				VALIDATE_PRODUCT = YES;
			};
			name = Release;
		};
		45D412EF29D19EF6006F8D51 /* Debug */ = {
			isa = XCBuildConfiguration;
			buildSettings = {
				ASSETCATALOG_COMPILER_APPICON_NAME = AppIcon;
				ASSETCATALOG_COMPILER_GLOBAL_ACCENT_COLOR_NAME = AccentColor;
				CODE_SIGN_STYLE = Automatic;
				CURRENT_PROJECT_VERSION = 1;
				GENERATE_INFOPLIST_FILE = YES;
				INFOPLIST_FILE = FloatingDraggableButton/Info.plist;
				INFOPLIST_KEY_UIApplicationSupportsIndirectInputEvents = YES;
				INFOPLIST_KEY_UILaunchStoryboardName = LaunchScreen;
				INFOPLIST_KEY_UIMainStoryboardFile = Main;
				INFOPLIST_KEY_UISupportedInterfaceOrientations_iPad = "UIInterfaceOrientationPortrait UIInterfaceOrientationPortraitUpsideDown UIInterfaceOrientationLandscapeLeft UIInterfaceOrientationLandscapeRight";
				INFOPLIST_KEY_UISupportedInterfaceOrientations_iPhone = "UIInterfaceOrientationPortrait UIInterfaceOrientationLandscapeLeft UIInterfaceOrientationLandscapeRight";
				LD_RUNPATH_SEARCH_PATHS = (
					"$(inherited)",
					"@executable_path/Frameworks",
				);
				MARKETING_VERSION = 1.0;
				PRODUCT_BUNDLE_IDENTIFIER = com.FloatingDraggableButton;
				PRODUCT_NAME = "$(TARGET_NAME)";
				SWIFT_EMIT_LOC_STRINGS = YES;
				SWIFT_VERSION = 5.0;
				TARGETED_DEVICE_FAMILY = "1,2";
			};
			name = Debug;
		};
		45D412F029D19EF6006F8D51 /* Release */ = {
			isa = XCBuildConfiguration;
			buildSettings = {
				ASSETCATALOG_COMPILER_APPICON_NAME = AppIcon;
				ASSETCATALOG_COMPILER_GLOBAL_ACCENT_COLOR_NAME = AccentColor;
				CODE_SIGN_STYLE = Automatic;
				CURRENT_PROJECT_VERSION = 1;
				GENERATE_INFOPLIST_FILE = YES;
				INFOPLIST_FILE = FloatingDraggableButton/Info.plist;
				INFOPLIST_KEY_UIApplicationSupportsIndirectInputEvents = YES;
				INFOPLIST_KEY_UILaunchStoryboardName = LaunchScreen;
				INFOPLIST_KEY_UIMainStoryboardFile = Main;
				INFOPLIST_KEY_UISupportedInterfaceOrientations_iPad = "UIInterfaceOrientationPortrait UIInterfaceOrientationPortraitUpsideDown UIInterfaceOrientationLandscapeLeft UIInterfaceOrientationLandscapeRight";
				INFOPLIST_KEY_UISupportedInterfaceOrientations_iPhone = "UIInterfaceOrientationPortrait UIInterfaceOrientationLandscapeLeft UIInterfaceOrientationLandscapeRight";
				LD_RUNPATH_SEARCH_PATHS = (
					"$(inherited)",
					"@executable_path/Frameworks",
				);
				MARKETING_VERSION = 1.0;
				PRODUCT_BUNDLE_IDENTIFIER = com.FloatingDraggableButton;
				PRODUCT_NAME = "$(TARGET_NAME)";
				SWIFT_EMIT_LOC_STRINGS = YES;
				SWIFT_VERSION = 5.0;
				TARGETED_DEVICE_FAMILY = "1,2";
			};
			name = Release;
		};
/* End XCBuildConfiguration section */

/* Begin XCConfigurationList section */
		45D412D529D19EF5006F8D51 /* Build configuration list for PBXProject "FloatingDraggableButton" */ = {
			isa = XCConfigurationList;
			buildConfigurations = (
				45D412EC29D19EF6006F8D51 /* Debug */,
				45D412ED29D19EF6006F8D51 /* Release */,
			);
			defaultConfigurationIsVisible = 0;
			defaultConfigurationName = Release;
		};
		45D412EE29D19EF6006F8D51 /* Build configuration list for PBXNativeTarget "FloatingDraggableButton" */ = {
			isa = XCConfigurationList;
			buildConfigurations = (
				45D412EF29D19EF6006F8D51 /* Debug */,
				45D412F029D19EF6006F8D51 /* Release */,
			);
			defaultConfigurationIsVisible = 0;
			defaultConfigurationName = Release;
		};
/* End XCConfigurationList section */
	};
	rootObject = 45D412D229D19EF5006F8D51 /* Project object */;
}
